<?xml version="1.0" encoding="utf-8"?>
<Project ToolsVersion="4.0" xmlns="http://schemas.microsoft.com/developer/msbuild/2003">
  <ItemGroup>
    <Filter Include="Source Files">
      <UniqueIdentifier>{4FC737F1-C7A5-4376-A066-2A32D752A2FF}</UniqueIdentifier>
      <Extensions>cpp;c;cc;cxx;def;odl;idl;hpj;bat;asm;asmx</Extensions>
    </Filter>
    <Filter Include="Header Files">
      <UniqueIdentifier>{93995380-89BD-4b04-88EB-625FBE52EBFB}</UniqueIdentifier>
      <Extensions>h;hh;hpp;hxx;hm;inl;inc;xsd</Extensions>
    </Filter>
    <Filter Include="Resource Files">
      <UniqueIdentifier>{67DA6AB6-F800-4c08-8B7A-83BB121AAD01}</UniqueIdentifier>
      <Extensions>rc;ico;cur;bmp;dlg;rc2;rct;bin;rgs;gif;jpg;jpeg;jpe;resx;tiff;tif;png;wav;mfcribbon-ms</Extensions>
    </Filter>
  </ItemGroup>
  <ItemGroup>
    <ClInclude Include="targetver.h">
      <Filter>Header Files</Filter>
    </ClInclude>
    <ClInclude Include="Enumeration.h">
      <Filter>Header Files</Filter>
    </ClInclude>
    <ClInclude Include="ResidentText.h">
      <Filter>Header Files</Filter>
    </ClInclude>
    <ClInclude Include="Singleton.h">
      <Filter>Header Files</Filter>
    </ClInclude>
    <ClInclude Include="Structs.h">
      <Filter>Header Files</Filter>
    </ClInclude>
    <ClInclude Include="Managers\ConnectionManager.h">
      <Filter>Header Files</Filter>
    </ClInclude>
    <ClInclude Include="Managers\GameManager.h">
      <Filter>Header Files</Filter>
    </ClInclude>
    <ClInclude Include="Managers\InteractionsManager.h">
      <Filter>Header Files</Filter>
    </ClInclude>
    <ClInclude Include="Managers\ItemManager.h">
      <Filter>Header Files</Filter>
    </ClInclude>
    <ClInclude Include="Managers\NodeManager.h">
      <Filter>Header Files</Filter>
    </ClInclude>
    <ClInclude Include="Managers\WorldObjectManager.h">
      <Filter>Header Files</Filter>
    </ClInclude>
    <ClInclude Include="GameObjects\GameObject.h">
      <Filter>Header Files</Filter>
    </ClInclude>
    <ClInclude Include="GameObjects\Creature.h">
      <Filter>Header Files</Filter>
    </ClInclude>
    <ClInclude Include="GameObjects\Player.h">
      <Filter>Header Files</Filter>
    </ClInclude>
    <ClInclude Include="World\Connection.h">
      <Filter>Header Files</Filter>
    </ClInclude>
    <ClInclude Include="World\Node.h">
      <Filter>Header Files</Filter>
    </ClInclude>
    <ClInclude Include="World\WorldObject.h">
      <Filter>Header Files</Filter>
    </ClInclude>
    <ClInclude Include="Items\Inventory.h">
      <Filter>Header Files</Filter>
    </ClInclude>
    <ClInclude Include="Items\Item.h">
      <Filter>Header Files</Filter>
    </ClInclude>
    <ClInclude Include="ANTLR\Build_World\MyWorldVisitor.h">
      <Filter>Header Files</Filter>
    </ClInclude>
    <ClInclude Include="ANTLR\Build_World\WorldBaseListener.h">
      <Filter>Header Files</Filter>
    </ClInclude>
    <ClInclude Include="ANTLR\Build_World\WorldBaseVisitor.h">
      <Filter>Header Files</Filter>
    </ClInclude>
    <ClInclude Include="ANTLR\Build_World\WorldLexer.h">
      <Filter>Header Files</Filter>
    </ClInclude>
    <ClInclude Include="ANTLR\Build_World\WorldListener.h">
      <Filter>Header Files</Filter>
    </ClInclude>
    <ClInclude Include="ANTLR\Build_World\WorldParser.h">
      <Filter>Header Files</Filter>
    </ClInclude>
    <ClInclude Include="ANTLR\Build_World\WorldVisitor.h">
      <Filter>Header Files</Filter>
    </ClInclude>
    <ClInclude Include="ANTLR\Build_WorldObjects\MyWorldObjectsVisitor.h">
      <Filter>Header Files</Filter>
    </ClInclude>
    <ClInclude Include="ANTLR\Build_WorldObjects\WorldObjectsBaseListener.h">
      <Filter>Header Files</Filter>
    </ClInclude>
    <ClInclude Include="ANTLR\Build_WorldObjects\WorldObjectsBaseVisitor.h">
      <Filter>Header Files</Filter>
    </ClInclude>
    <ClInclude Include="ANTLR\Build_WorldObjects\WorldObjectsLexer.h">
      <Filter>Header Files</Filter>
    </ClInclude>
    <ClInclude Include="ANTLR\Build_WorldObjects\WorldObjectsListener.h">
      <Filter>Header Files</Filter>
    </ClInclude>
    <ClInclude Include="ANTLR\Build_WorldObjects\WorldObjectsParser.h">
      <Filter>Header Files</Filter>
    </ClInclude>
    <ClInclude Include="ANTLR\Build_WorldObjects\WorldObjectsVisitor.h">
      <Filter>Header Files</Filter>
    </ClInclude>
    <ClInclude Include="ANTLR\Build_Interactions\interactionsBaseListener.h">
      <Filter>Header Files</Filter>
    </ClInclude>
    <ClInclude Include="ANTLR\Build_Interactions\interactionsBaseVisitor.h">
      <Filter>Header Files</Filter>
    </ClInclude>
    <ClInclude Include="ANTLR\Build_Interactions\interactionsLexer.h">
      <Filter>Header Files</Filter>
    </ClInclude>
    <ClInclude Include="ANTLR\Build_Interactions\interactionsListener.h">
      <Filter>Header Files</Filter>
    </ClInclude>
    <ClInclude Include="ANTLR\Build_Interactions\interactionsParser.h">
      <Filter>Header Files</Filter>
    </ClInclude>
    <ClInclude Include="ANTLR\Build_Interactions\interactionsVisitor.h">
      <Filter>Header Files</Filter>
    </ClInclude>
    <ClInclude Include="ANTLR\Build_Interactions\MyinteractionsVisitor.h">
      <Filter>Header Files</Filter>
    </ClInclude>
    <ClInclude Include="ANTLR\Build_Items\itemsBaseListener.h">
      <Filter>Header Files</Filter>
    </ClInclude>
    <ClInclude Include="ANTLR\Build_Items\itemsBaseVisitor.h">
      <Filter>Header Files</Filter>
    </ClInclude>
    <ClInclude Include="ANTLR\Build_Items\itemsLexer.h">
      <Filter>Header Files</Filter>
    </ClInclude>
    <ClInclude Include="ANTLR\Build_Items\itemsListener.h">
      <Filter>Header Files</Filter>
    </ClInclude>
    <ClInclude Include="ANTLR\Build_Items\itemsParser.h">
      <Filter>Header Files</Filter>
    </ClInclude>
    <ClInclude Include="ANTLR\Build_Items\itemsVisitor.h">
      <Filter>Header Files</Filter>
    </ClInclude>
    <ClInclude Include="ANTLR\Build_Items\MyItemsVisitor.h">
      <Filter>Header Files</Filter>
    </ClInclude>
    <ClInclude Include="Helpers.h">
      <Filter>Header Files</Filter>
    </ClInclude>
    <ClInclude Include="Managers\EventManager.h">
      <Filter>Header Files</Filter>
    </ClInclude>
    <ClInclude Include="Events\EventActions.h">
      <Filter>Header Files</Filter>
    </ClInclude>
    <ClInclude Include="Events\EventConditions.h">
      <Filter>Header Files</Filter>
    </ClInclude>
  </ItemGroup>
  <ItemGroup>
    <ClCompile Include="TextBaseGame.cpp">
      <Filter>Source Files</Filter>
    </ClCompile>
    <ClCompile Include="ResidentText.cpp">
      <Filter>Source Files</Filter>
    </ClCompile>
    <ClCompile Include="Managers\ConnectionManager.cpp">
      <Filter>Source Files</Filter>
    </ClCompile>
    <ClCompile Include="Managers\GameManager.cpp">
      <Filter>Source Files</Filter>
    </ClCompile>
    <ClCompile Include="Managers\InteractionsManager.cpp">
      <Filter>Source Files</Filter>
    </ClCompile>
    <ClCompile Include="Managers\ItemManager.cpp">
      <Filter>Source Files</Filter>
    </ClCompile>
    <ClCompile Include="Managers\NodeManager.cpp">
      <Filter>Source Files</Filter>
    </ClCompile>
    <ClCompile Include="Managers\WorldObjectManager.cpp">
      <Filter>Source Files</Filter>
    </ClCompile>
    <ClCompile Include="GameObjects\GameObject.cpp">
      <Filter>Source Files</Filter>
    </ClCompile>
    <ClCompile Include="GameObjects\Creature.cpp">
      <Filter>Source Files</Filter>
    </ClCompile>
    <ClCompile Include="GameObjects\Player.cpp">
      <Filter>Source Files</Filter>
    </ClCompile>
    <ClCompile Include="World\Connection.cpp">
      <Filter>Source Files</Filter>
    </ClCompile>
    <ClCompile Include="World\Node.cpp">
      <Filter>Source Files</Filter>
    </ClCompile>
    <ClCompile Include="World\WorldObject.cpp">
      <Filter>Source Files</Filter>
    </ClCompile>
    <ClCompile Include="Items\Inventory.cpp">
      <Filter>Source Files</Filter>
    </ClCompile>
    <ClCompile Include="Items\Item.cpp">
      <Filter>Source Files</Filter>
    </ClCompile>
    <ClCompile Include="ANTLR\Build_World\MyWorldVisitor.cpp">
      <Filter>Source Files</Filter>
    </ClCompile>
    <ClCompile Include="ANTLR\Build_World\WorldBaseListener.cpp">
      <Filter>Source Files</Filter>
    </ClCompile>
    <ClCompile Include="ANTLR\Build_World\WorldBaseVisitor.cpp">
      <Filter>Source Files</Filter>
    </ClCompile>
    <ClCompile Include="ANTLR\Build_World\WorldLexer.cpp">
      <Filter>Source Files</Filter>
    </ClCompile>
    <ClCompile Include="ANTLR\Build_World\WorldListener.cpp">
      <Filter>Source Files</Filter>
    </ClCompile>
    <ClCompile Include="ANTLR\Build_World\WorldParser.cpp">
      <Filter>Source Files</Filter>
    </ClCompile>
    <ClCompile Include="ANTLR\Build_World\WorldVisitor.cpp">
      <Filter>Source Files</Filter>
    </ClCompile>
    <ClCompile Include="ANTLR\Build_WorldObjects\MyWorldObjectsVisitor.cpp">
      <Filter>Source Files</Filter>
    </ClCompile>
    <ClCompile Include="ANTLR\Build_WorldObjects\WorldObjectsBaseListener.cpp">
      <Filter>Source Files</Filter>
    </ClCompile>
    <ClCompile Include="ANTLR\Build_WorldObjects\WorldObjectsBaseVisitor.cpp">
      <Filter>Source Files</Filter>
    </ClCompile>
    <ClCompile Include="ANTLR\Build_WorldObjects\WorldObjectsLexer.cpp">
      <Filter>Source Files</Filter>
    </ClCompile>
    <ClCompile Include="ANTLR\Build_WorldObjects\WorldObjectsListener.cpp">
      <Filter>Source Files</Filter>
    </ClCompile>
    <ClCompile Include="ANTLR\Build_WorldObjects\WorldObjectsParser.cpp">
      <Filter>Source Files</Filter>
    </ClCompile>
    <ClCompile Include="ANTLR\Build_WorldObjects\WorldObjectsVisitor.cpp">
      <Filter>Source Files</Filter>
    </ClCompile>
    <ClCompile Include="ANTLR\Build_Interactions\interactionsBaseListener.cpp">
      <Filter>Source Files</Filter>
    </ClCompile>
    <ClCompile Include="ANTLR\Build_Interactions\interactionsBaseVisitor.cpp">
      <Filter>Source Files</Filter>
    </ClCompile>
    <ClCompile Include="ANTLR\Build_Interactions\interactionsLexer.cpp">
      <Filter>Source Files</Filter>
    </ClCompile>
    <ClCompile Include="ANTLR\Build_Interactions\interactionsListener.cpp">
      <Filter>Source Files</Filter>
    </ClCompile>
    <ClCompile Include="ANTLR\Build_Interactions\interactionsParser.cpp">
      <Filter>Source Files</Filter>
    </ClCompile>
    <ClCompile Include="ANTLR\Build_Interactions\interactionsVisitor.cpp">
      <Filter>Source Files</Filter>
    </ClCompile>
    <ClCompile Include="ANTLR\Build_Interactions\MyinteractionsVisitor.cpp">
      <Filter>Source Files</Filter>
    </ClCompile>
    <ClCompile Include="ANTLR\Build_Items\itemsBaseListener.cpp">
      <Filter>Source Files</Filter>
    </ClCompile>
    <ClCompile Include="ANTLR\Build_Items\itemsBaseVisitor.cpp">
      <Filter>Source Files</Filter>
    </ClCompile>
    <ClCompile Include="ANTLR\Build_Items\itemsLexer.cpp">
      <Filter>Source Files</Filter>
    </ClCompile>
    <ClCompile Include="ANTLR\Build_Items\itemsListener.cpp">
      <Filter>Source Files</Filter>
    </ClCompile>
    <ClCompile Include="ANTLR\Build_Items\itemsParser.cpp">
      <Filter>Source Files</Filter>
    </ClCompile>
    <ClCompile Include="ANTLR\Build_Items\itemsVisitor.cpp">
      <Filter>Source Files</Filter>
    </ClCompile>
    <ClCompile Include="ANTLR\Build_Items\MyItemsVisitor.cpp">
      <Filter>Source Files</Filter>
    </ClCompile>
    <ClCompile Include="Managers\EventManager.cpp">
      <Filter>Source Files</Filter>
    </ClCompile>
  </ItemGroup>
  <ItemGroup>
    <None Include="ANTLR\Build_World\World.tokens" />
    <None Include="ANTLR\Build_World\WorldLexer.tokens" />
    <None Include="ANTLR\Build_WorldObjects\WorldObjects.tokens" />
    <None Include="ANTLR\Build_WorldObjects\WorldObjectsLexer.tokens" />
    <None Include="ANTLR\Build_Interactions\interactions.tokens" />
    <None Include="ANTLR\Build_Interactions\interactionsLexer.tokens" />
    <None Include="ANTLR\Build_Items\items.tokens" />
    <None Include="ANTLR\Build_Items\itemsLexer.tokens" />
  </ItemGroup>
</Project>